
Microsoft Visual Studio Solution File, Format Version 12.00
# Visual Studio Version 16
VisualStudioVersion = 16.0.34031.81
MinimumVisualStudioVersion = 10.0.40219.1
Project("{FAE04EC0-301F-11D3-BF4B-00C04F79EFBC}") = "QLBanHoa", "QLBanHoa\QLBanHoa.csproj", "{777ECCCB-E8A1-48DE-83B0-D65AD42A6684}"
EndProject
Global
	GlobalSection(SolutionConfigurationPlatforms) = preSolution
		Debug|Any CPU = Debug|Any CPU
		Release|Any CPU = Release|Any CPU
	EndGlobalSection
	GlobalSection(ProjectConfigurationPlatforms) = postSolution
		{777ECCCB-E8A1-48DE-83B0-D65AD42A6684}.Debug|Any CPU.ActiveCfg = Debug|Any CPU
		{777ECCCB-E8A1-48DE-83B0-D65AD42A6684}.Debug|Any CPU.Build.0 = Debug|Any CPU
		{777ECCCB-E8A1-48DE-83B0-D65AD42A6684}.Release|Any CPU.ActiveCfg = Release|Any CPU
		{777ECCCB-E8A1-48DE-83B0-D65AD42A6684}.Release|Any CPU.Build.0 = Release|Any CPU
	EndGlobalSection
	GlobalSection(SolutionProperties) = preSolution
		HideSolutionNode = FALSE
	EndGlobalSection
	GlobalSection(ExtensibilityGlobals) = postSolution
		SolutionGuid = {B036B326-3C99-4C28-9659-60B6B445FFE1}
	EndGlobalSection
EndGlobal
